
Microsoft Visual Studio Solution File, Format Version 12.00
# Visual Studio Version 16
VisualStudioVersion = 16.0.30002.166
MinimumVisualStudioVersion = 10.0.40219.1
Project("{FAE04EC0-301F-11D3-BF4B-00C04F79EFBC}") = "ConsoleApp31", "ConsoleApp31\ConsoleApp31.csproj", "{C609B89F-B079-452F-8A0B-79A271434E11}"
EndProject
Global
	GlobalSection(SolutionConfigurationPlatforms) = preSolution
		Debug|Any CPU = Debug|Any CPU
		Release|Any CPU = Release|Any CPU
	EndGlobalSection
	GlobalSection(ProjectConfigurationPlatforms) = postSolution
		{C609B89F-B079-452F-8A0B-79A271434E11}.Debug|Any CPU.ActiveCfg = Debug|Any CPU
		{C609B89F-B079-452F-8A0B-79A271434E11}.Debug|Any CPU.Build.0 = Debug|Any CPU
		{C609B89F-B079-452F-8A0B-79A271434E11}.Release|Any CPU.ActiveCfg = Release|Any CPU
		{C609B89F-B079-452F-8A0B-79A271434E11}.Release|Any CPU.Build.0 = Release|Any CPU
	EndGlobalSection
	GlobalSection(SolutionProperties) = preSolution
		HideSolutionNode = FALSE
	EndGlobalSection
	GlobalSection(ExtensibilityGlobals) = postSolution
		SolutionGuid = {C88CFCD4-86D5-4F70-B971-2C3EC79D83DD}
	EndGlobalSection
EndGlobal
